
Microsoft Visual Studio Solution File, Format Version 12.00
# Visual Studio Version 17
VisualStudioVersion = 17.7.34031.279
MinimumVisualStudioVersion = 10.0.40219.1
Project("{8BC9CEB8-8B4A-11D0-8D11-00A0C91BC942}") = "LAB_9.2", "LAB_9.2\LAB_9.2.vcxproj", "{09C69455-1581-4D5A-B2D0-C61227CDB01B}"
EndProject
Project("{8BC9CEB8-8B4A-11D0-8D11-00A0C91BC942}") = "UnitTest1", "UnitTest1\UnitTest1.vcxproj", "{F4C1E53E-4D63-414E-95D8-E35EDB1EBA0D}"
EndProject
Global
	GlobalSection(SolutionConfigurationPlatforms) = preSolution
		Debug|x64 = Debug|x64
		Debug|x86 = Debug|x86
		Release|x64 = Release|x64
		Release|x86 = Release|x86
	EndGlobalSection
	GlobalSection(ProjectConfigurationPlatforms) = postSolution
		{09C69455-1581-4D5A-B2D0-C61227CDB01B}.Debug|x64.ActiveCfg = Debug|x64
		{09C69455-1581-4D5A-B2D0-C61227CDB01B}.Debug|x64.Build.0 = Debug|x64
		{09C69455-1581-4D5A-B2D0-C61227CDB01B}.Debug|x86.ActiveCfg = Debug|Win32
		{09C69455-1581-4D5A-B2D0-C61227CDB01B}.Debug|x86.Build.0 = Debug|Win32
		{09C69455-1581-4D5A-B2D0-C61227CDB01B}.Release|x64.ActiveCfg = Release|x64
		{09C69455-1581-4D5A-B2D0-C61227CDB01B}.Release|x64.Build.0 = Release|x64
		{09C69455-1581-4D5A-B2D0-C61227CDB01B}.Release|x86.ActiveCfg = Release|Win32
		{09C69455-1581-4D5A-B2D0-C61227CDB01B}.Release|x86.Build.0 = Release|Win32
		{F4C1E53E-4D63-414E-95D8-E35EDB1EBA0D}.Debug|x64.ActiveCfg = Debug|x64
		{F4C1E53E-4D63-414E-95D8-E35EDB1EBA0D}.Debug|x64.Build.0 = Debug|x64
		{F4C1E53E-4D63-414E-95D8-E35EDB1EBA0D}.Debug|x86.ActiveCfg = Debug|Win32
		{F4C1E53E-4D63-414E-95D8-E35EDB1EBA0D}.Debug|x86.Build.0 = Debug|Win32
		{F4C1E53E-4D63-414E-95D8-E35EDB1EBA0D}.Release|x64.ActiveCfg = Release|x64
		{F4C1E53E-4D63-414E-95D8-E35EDB1EBA0D}.Release|x64.Build.0 = Release|x64
		{F4C1E53E-4D63-414E-95D8-E35EDB1EBA0D}.Release|x86.ActiveCfg = Release|Win32
		{F4C1E53E-4D63-414E-95D8-E35EDB1EBA0D}.Release|x86.Build.0 = Release|Win32
	EndGlobalSection
	GlobalSection(SolutionProperties) = preSolution
		HideSolutionNode = FALSE
	EndGlobalSection
	GlobalSection(ExtensibilityGlobals) = postSolution
		SolutionGuid = {6AE785EF-3180-48BC-9C52-787A48707B9F}
	EndGlobalSection
EndGlobal
